
Microsoft Visual Studio Solution File, Format Version 12.00
# Visual Studio Version 16
VisualStudioVersion = 16.0.30523.141
MinimumVisualStudioVersion = 10.0.40219.1
Project("{FAE04EC0-301F-11D3-BF4B-00C04F79EFBC}") = "WindowsFormsApp1", "WindowsFormsApp1\WindowsFormsApp1.csproj", "{9C6AF0FE-C61F-4109-BE33-CED39DFFE093}"
	ProjectSection(ProjectDependencies) = postProject
		{4AD1C059-76EF-4235-9BF7-5FFCF60CBC4A} = {4AD1C059-76EF-4235-9BF7-5FFCF60CBC4A}
	EndProjectSection
EndProject
Project("{FAE04EC0-301F-11D3-BF4B-00C04F79EFBC}") = "WcfServiceLibrary2", "WcfServiceLibrary2\WcfServiceLibrary2.csproj", "{4AD1C059-76EF-4235-9BF7-5FFCF60CBC4A}"
EndProject
Global
	GlobalSection(SolutionConfigurationPlatforms) = preSolution
		Debug|Any CPU = Debug|Any CPU
		Release|Any CPU = Release|Any CPU
	EndGlobalSection
	GlobalSection(ProjectConfigurationPlatforms) = postSolution
		{9C6AF0FE-C61F-4109-BE33-CED39DFFE093}.Debug|Any CPU.ActiveCfg = Debug|Any CPU
		{9C6AF0FE-C61F-4109-BE33-CED39DFFE093}.Debug|Any CPU.Build.0 = Debug|Any CPU
		{9C6AF0FE-C61F-4109-BE33-CED39DFFE093}.Release|Any CPU.ActiveCfg = Release|Any CPU
		{9C6AF0FE-C61F-4109-BE33-CED39DFFE093}.Release|Any CPU.Build.0 = Release|Any CPU
		{4AD1C059-76EF-4235-9BF7-5FFCF60CBC4A}.Debug|Any CPU.ActiveCfg = Debug|Any CPU
		{4AD1C059-76EF-4235-9BF7-5FFCF60CBC4A}.Debug|Any CPU.Build.0 = Debug|Any CPU
		{4AD1C059-76EF-4235-9BF7-5FFCF60CBC4A}.Release|Any CPU.ActiveCfg = Release|Any CPU
		{4AD1C059-76EF-4235-9BF7-5FFCF60CBC4A}.Release|Any CPU.Build.0 = Release|Any CPU
	EndGlobalSection
	GlobalSection(SolutionProperties) = preSolution
		HideSolutionNode = FALSE
	EndGlobalSection
	GlobalSection(ExtensibilityGlobals) = postSolution
		SolutionGuid = {E52F3BEE-494E-467F-B3DA-AABD6711E634}
	EndGlobalSection
EndGlobal
